# This file is automatically @generated by Cargo.
# It is not intended for manual editing.
version = 4

[[package]]
name = "aurora-cli"
version = "0.1.0"
dependencies = [
 "aurora-interpreter",
 "aurora-lexer",
 "aurora-parser",
]

[[package]]
name = "aurora-interpreter"
version = "0.1.0"
dependencies = [
 "aurora-parser",
]

[[package]]
name = "aurora-lexer"
version = "0.1.0"

[[package]]
name = "aurora-parser"
version = "0.1.0"
dependencies = [
 "aurora-lexer",
]
